
Microsoft Visual Studio Solution File, Format Version 12.00
# Visual Studio Version 17
VisualStudioVersion = 17.12.35527.113
MinimumVisualStudioVersion = 10.0.40219.1
Project("{FAE04EC0-301F-11D3-BF4B-00C04F79EFBC}") = "SubscriptionManager", "SubscriptionManager\SubscriptionManager.csproj", "{6E1D9769-6DD9-4979-B539-BC13B798FE2B}"
EndProject
Project("{FAE04EC0-301F-11D3-BF4B-00C04F79EFBC}") = "SubscriptionManager.Tests", "SubscriptionManager.Tests\SubscriptionManager.Tests.csproj", "{A7645A8E-A798-4021-B991-195C7F9D78DC}"
EndProject
Global
	GlobalSection(SolutionConfigurationPlatforms) = preSolution
		Debug|Any CPU = Debug|Any CPU
		Release|Any CPU = Release|Any CPU
	EndGlobalSection
	GlobalSection(ProjectConfigurationPlatforms) = postSolution
		{6E1D9769-6DD9-4979-B539-BC13B798FE2B}.Debug|Any CPU.ActiveCfg = Debug|Any CPU
		{6E1D9769-6DD9-4979-B539-BC13B798FE2B}.Debug|Any CPU.Build.0 = Debug|Any CPU
		{6E1D9769-6DD9-4979-B539-BC13B798FE2B}.Release|Any CPU.ActiveCfg = Release|Any CPU
		{6E1D9769-6DD9-4979-B539-BC13B798FE2B}.Release|Any CPU.Build.0 = Release|Any CPU
		{A7645A8E-A798-4021-B991-195C7F9D78DC}.Debug|Any CPU.ActiveCfg = Debug|Any CPU
		{A7645A8E-A798-4021-B991-195C7F9D78DC}.Debug|Any CPU.Build.0 = Debug|Any CPU
		{A7645A8E-A798-4021-B991-195C7F9D78DC}.Release|Any CPU.ActiveCfg = Release|Any CPU
		{A7645A8E-A798-4021-B991-195C7F9D78DC}.Release|Any CPU.Build.0 = Release|Any CPU
	EndGlobalSection
	GlobalSection(SolutionProperties) = preSolution
		HideSolutionNode = FALSE
	EndGlobalSection
EndGlobal
